
Microsoft Visual Studio Solution File, Format Version 12.00
# Visual Studio 15
VisualStudioVersion = 15.0.26124.0
MinimumVisualStudioVersion = 15.0.26124.0
Project("{2150E333-8FDC-42A3-9474-1A3956D46DE8}") = "src", "src", "{11695908-3309-434A-B1BE-C4728B83B499}"
EndProject
Project("{FAE04EC0-301F-11D3-BF4B-00C04F79EFBC}") = "CommandAPI", "src\CommandAPI\CommandAPI.csproj", "{801C6B24-80FA-4D53-B5CF-BBBEEAAA7E23}"
EndProject
Project("{2150E333-8FDC-42A3-9474-1A3956D46DE8}") = "test", "test", "{60B91AC4-6FBD-40EC-8CA8-DC167F06F368}"
EndProject
Project("{FAE04EC0-301F-11D3-BF4B-00C04F79EFBC}") = "CommandAPI.Tests", "test\CommandAPI.Tests\CommandAPI.Tests.csproj", "{6A77CE9E-3CCD-48D3-89B1-0876DE8B9CA3}"
EndProject
Global
	GlobalSection(SolutionConfigurationPlatforms) = preSolution
		Debug|Any CPU = Debug|Any CPU
		Debug|x64 = Debug|x64
		Debug|x86 = Debug|x86
		Release|Any CPU = Release|Any CPU
		Release|x64 = Release|x64
		Release|x86 = Release|x86
	EndGlobalSection
	GlobalSection(SolutionProperties) = preSolution
		HideSolutionNode = FALSE
	EndGlobalSection
	GlobalSection(ProjectConfigurationPlatforms) = postSolution
		{801C6B24-80FA-4D53-B5CF-BBBEEAAA7E23}.Debug|Any CPU.ActiveCfg = Debug|Any CPU
		{801C6B24-80FA-4D53-B5CF-BBBEEAAA7E23}.Debug|Any CPU.Build.0 = Debug|Any CPU
		{801C6B24-80FA-4D53-B5CF-BBBEEAAA7E23}.Debug|x64.ActiveCfg = Debug|Any CPU
		{801C6B24-80FA-4D53-B5CF-BBBEEAAA7E23}.Debug|x64.Build.0 = Debug|Any CPU
		{801C6B24-80FA-4D53-B5CF-BBBEEAAA7E23}.Debug|x86.ActiveCfg = Debug|Any CPU
		{801C6B24-80FA-4D53-B5CF-BBBEEAAA7E23}.Debug|x86.Build.0 = Debug|Any CPU
		{801C6B24-80FA-4D53-B5CF-BBBEEAAA7E23}.Release|Any CPU.ActiveCfg = Release|Any CPU
		{801C6B24-80FA-4D53-B5CF-BBBEEAAA7E23}.Release|Any CPU.Build.0 = Release|Any CPU
		{801C6B24-80FA-4D53-B5CF-BBBEEAAA7E23}.Release|x64.ActiveCfg = Release|Any CPU
		{801C6B24-80FA-4D53-B5CF-BBBEEAAA7E23}.Release|x64.Build.0 = Release|Any CPU
		{801C6B24-80FA-4D53-B5CF-BBBEEAAA7E23}.Release|x86.ActiveCfg = Release|Any CPU
		{801C6B24-80FA-4D53-B5CF-BBBEEAAA7E23}.Release|x86.Build.0 = Release|Any CPU
		{6A77CE9E-3CCD-48D3-89B1-0876DE8B9CA3}.Debug|Any CPU.ActiveCfg = Debug|Any CPU
		{6A77CE9E-3CCD-48D3-89B1-0876DE8B9CA3}.Debug|Any CPU.Build.0 = Debug|Any CPU
		{6A77CE9E-3CCD-48D3-89B1-0876DE8B9CA3}.Debug|x64.ActiveCfg = Debug|Any CPU
		{6A77CE9E-3CCD-48D3-89B1-0876DE8B9CA3}.Debug|x64.Build.0 = Debug|Any CPU
		{6A77CE9E-3CCD-48D3-89B1-0876DE8B9CA3}.Debug|x86.ActiveCfg = Debug|Any CPU
		{6A77CE9E-3CCD-48D3-89B1-0876DE8B9CA3}.Debug|x86.Build.0 = Debug|Any CPU
		{6A77CE9E-3CCD-48D3-89B1-0876DE8B9CA3}.Release|Any CPU.ActiveCfg = Release|Any CPU
		{6A77CE9E-3CCD-48D3-89B1-0876DE8B9CA3}.Release|Any CPU.Build.0 = Release|Any CPU
		{6A77CE9E-3CCD-48D3-89B1-0876DE8B9CA3}.Release|x64.ActiveCfg = Release|Any CPU
		{6A77CE9E-3CCD-48D3-89B1-0876DE8B9CA3}.Release|x64.Build.0 = Release|Any CPU
		{6A77CE9E-3CCD-48D3-89B1-0876DE8B9CA3}.Release|x86.ActiveCfg = Release|Any CPU
		{6A77CE9E-3CCD-48D3-89B1-0876DE8B9CA3}.Release|x86.Build.0 = Release|Any CPU
	EndGlobalSection
	GlobalSection(NestedProjects) = preSolution
		{801C6B24-80FA-4D53-B5CF-BBBEEAAA7E23} = {11695908-3309-434A-B1BE-C4728B83B499}
		{6A77CE9E-3CCD-48D3-89B1-0876DE8B9CA3} = {60B91AC4-6FBD-40EC-8CA8-DC167F06F368}
	EndGlobalSection
EndGlobal
